
Microsoft Visual Studio Solution File, Format Version 12.00
# Visual Studio 15
VisualStudioVersion = 15.0.27004.2009
MinimumVisualStudioVersion = 10.0.40219.1
Project("{FAE04EC0-301F-11D3-BF4B-00C04F79EFBC}") = "IndexMailChecker", "IndexMailChecker\IndexMailChecker.csproj", "{6AF5C168-2B54-481F-B48C-BCC66D658EFF}"
EndProject
Project("{FAE04EC0-301F-11D3-BF4B-00C04F79EFBC}") = "IndexMailServer", "IndexMailServer\IndexMailServer.csproj", "{7D4730A0-6F48-44F7-A083-759C43CEB5A4}"
EndProject
Global
	GlobalSection(SolutionConfigurationPlatforms) = preSolution
		Debug|Any CPU = Debug|Any CPU
		Release|Any CPU = Release|Any CPU
	EndGlobalSection
	GlobalSection(ProjectConfigurationPlatforms) = postSolution
		{6AF5C168-2B54-481F-B48C-BCC66D658EFF}.Debug|Any CPU.ActiveCfg = Debug|Any CPU
		{6AF5C168-2B54-481F-B48C-BCC66D658EFF}.Debug|Any CPU.Build.0 = Debug|Any CPU
		{6AF5C168-2B54-481F-B48C-BCC66D658EFF}.Release|Any CPU.ActiveCfg = Release|Any CPU
		{6AF5C168-2B54-481F-B48C-BCC66D658EFF}.Release|Any CPU.Build.0 = Release|Any CPU
		{7D4730A0-6F48-44F7-A083-759C43CEB5A4}.Debug|Any CPU.ActiveCfg = Debug|Any CPU
		{7D4730A0-6F48-44F7-A083-759C43CEB5A4}.Debug|Any CPU.Build.0 = Debug|Any CPU
		{7D4730A0-6F48-44F7-A083-759C43CEB5A4}.Release|Any CPU.ActiveCfg = Release|Any CPU
		{7D4730A0-6F48-44F7-A083-759C43CEB5A4}.Release|Any CPU.Build.0 = Release|Any CPU
	EndGlobalSection
	GlobalSection(SolutionProperties) = preSolution
		HideSolutionNode = FALSE
	EndGlobalSection
	GlobalSection(ExtensibilityGlobals) = postSolution
		SolutionGuid = {2A641C19-E8DA-428D-88B7-A760D151DBC4}
	EndGlobalSection
EndGlobal
